// !$*UTF8*$!
{
	archiveVersion = 1;
	classes = {
	};
	objectVersion = 56;
	objects = {

/* Begin PBXBuildFile section */
		7D38CD8E2AC429EE00EB10A0 /* Alamofire in Frameworks */ = {isa = PBXBuildFile; productRef = 7D38CD8D2AC429EE00EB10A0 /* Alamofire */; };
		7D38CD902AC42A3300EB10A0 /* RealTimeWeatherRespons.swift in Sources */ = {isa = PBXBuildFile; fileRef = 7D38CD8F2AC42A3300EB10A0 /* RealTimeWeatherRespons.swift */; };
		7D38CD922AC438D100EB10A0 /* ApiWeather .swift in Sources */ = {isa = PBXBuildFile; fileRef = 7D38CD912AC438D100EB10A0 /* ApiWeather .swift */; };
		7D38CD962AC4906800EB10A0 /* Lottie in Frameworks */ = {isa = PBXBuildFile; productRef = 7D38CD952AC4906800EB10A0 /* Lottie */; };
		7D38CD982AC494A100EB10A0 /* Weather.json in Resources */ = {isa = PBXBuildFile; fileRef = 7D38CD972AC494A100EB10A0 /* Weather.json */; };
		7D38CD9B2AC4951900EB10A0 /* MainViewController.swift in Sources */ = {isa = PBXBuildFile; fileRef = 7D38CD992AC4951900EB10A0 /* MainViewController.swift */; };
		7D38CD9C2AC4951900EB10A0 /* MainViewController.xib in Resources */ = {isa = PBXBuildFile; fileRef = 7D38CD9A2AC4951900EB10A0 /* MainViewController.xib */; };
		7D38CDA22AC4AFFC00EB10A0 /* WeatherAPIDelegate.swift in Sources */ = {isa = PBXBuildFile; fileRef = 7D38CDA12AC4AFFC00EB10A0 /* WeatherAPIDelegate.swift */; };
		7D38CDD52AC7751100EB10A0 /* CelsiumAndHoursCollectionViewCell.swift in Sources */ = {isa = PBXBuildFile; fileRef = 7D38CDD32AC7751100EB10A0 /* CelsiumAndHoursCollectionViewCell.swift */; };
		7D38CDD62AC7751100EB10A0 /* CelsiumAndHoursCollectionViewCell.xib in Resources */ = {isa = PBXBuildFile; fileRef = 7D38CDD42AC7751100EB10A0 /* CelsiumAndHoursCollectionViewCell.xib */; };
		7D38CDE52AC88C8100EB10A0 /* ForSquareTableViewCollectionViewCell.swift in Sources */ = {isa = PBXBuildFile; fileRef = 7D38CDE32AC88C8100EB10A0 /* ForSquareTableViewCollectionViewCell.swift */; };
		7D38CDE62AC88C8100EB10A0 /* ForSquareTableViewCollectionViewCell.xib in Resources */ = {isa = PBXBuildFile; fileRef = 7D38CDE42AC88C8100EB10A0 /* ForSquareTableViewCollectionViewCell.xib */; };
		7D38CDE92AC88E5A00EB10A0 /* MainCollectionViewModel.swift in Sources */ = {isa = PBXBuildFile; fileRef = 7D38CDE82AC88E5A00EB10A0 /* MainCollectionViewModel.swift */; };
		7D38CDF12AC8A69400EB10A0 /* ForHoursAndCelsiumCellsCollectionViewCell.swift in Sources */ = {isa = PBXBuildFile; fileRef = 7D38CDEF2AC8A69400EB10A0 /* ForHoursAndCelsiumCellsCollectionViewCell.swift */; };
		7D38CDF22AC8A69400EB10A0 /* ForHoursAndCelsiumCellsCollectionViewCell.xib in Resources */ = {isa = PBXBuildFile; fileRef = 7D38CDF02AC8A69400EB10A0 /* ForHoursAndCelsiumCellsCollectionViewCell.xib */; };
		7DB4CE202AC1D079001EBBC9 /* AppDelegate.swift in Sources */ = {isa = PBXBuildFile; fileRef = 7DB4CE1F2AC1D079001EBBC9 /* AppDelegate.swift */; };
		7DB4CE222AC1D079001EBBC9 /* SceneDelegate.swift in Sources */ = {isa = PBXBuildFile; fileRef = 7DB4CE212AC1D079001EBBC9 /* SceneDelegate.swift */; };
		7DB4CE242AC1D079001EBBC9 /* SplashViewController.swift in Sources */ = {isa = PBXBuildFile; fileRef = 7DB4CE232AC1D079001EBBC9 /* SplashViewController.swift */; };
		7DB4CE272AC1D079001EBBC9 /* Main.storyboard in Resources */ = {isa = PBXBuildFile; fileRef = 7DB4CE252AC1D079001EBBC9 /* Main.storyboard */; };
		7DB4CE292AC1D07A001EBBC9 /* Assets.xcassets in Resources */ = {isa = PBXBuildFile; fileRef = 7DB4CE282AC1D07A001EBBC9 /* Assets.xcassets */; };
		7DB4CE2C2AC1D07A001EBBC9 /* LaunchScreen.storyboard in Resources */ = {isa = PBXBuildFile; fileRef = 7DB4CE2A2AC1D07A001EBBC9 /* LaunchScreen.storyboard */; };
		7DB4CE342AC1DA16001EBBC9 /* WeatherLocation .swift in Sources */ = {isa = PBXBuildFile; fileRef = 7DB4CE332AC1DA16001EBBC9 /* WeatherLocation .swift */; };
		7DB4CE362AC1DA2A001EBBC9 /* CurrentWeather .swift in Sources */ = {isa = PBXBuildFile; fileRef = 7DB4CE352AC1DA2A001EBBC9 /* CurrentWeather .swift */; };
		7DB4CE392AC3130E001EBBC9 /* extensionForBool+Int.swift in Sources */ = {isa = PBXBuildFile; fileRef = 7DB4CE382AC3130E001EBBC9 /* extensionForBool+Int.swift */; };
/* End PBXBuildFile section */

/* Begin PBXFileReference section */
		7D38CD8F2AC42A3300EB10A0 /* RealTimeWeatherRespons.swift */ = {isa = PBXFileReference; lastKnownFileType = sourcecode.swift; path = RealTimeWeatherRespons.swift; sourceTree = "<group>"; };
		7D38CD912AC438D100EB10A0 /* ApiWeather .swift */ = {isa = PBXFileReference; lastKnownFileType = sourcecode.swift; path = "ApiWeather .swift"; sourceTree = "<group>"; };
		7D38CD972AC494A100EB10A0 /* Weather.json */ = {isa = PBXFileReference; fileEncoding = 4; lastKnownFileType = text.json; path = Weather.json; sourceTree = "<group>"; };
		7D38CD992AC4951900EB10A0 /* MainViewController.swift */ = {isa = PBXFileReference; lastKnownFileType = sourcecode.swift; path = MainViewController.swift; sourceTree = "<group>"; };
		7D38CD9A2AC4951900EB10A0 /* MainViewController.xib */ = {isa = PBXFileReference; lastKnownFileType = file.xib; path = MainViewController.xib; sourceTree = "<group>"; };
		7D38CDA12AC4AFFC00EB10A0 /* WeatherAPIDelegate.swift */ = {isa = PBXFileReference; lastKnownFileType = sourcecode.swift; path = WeatherAPIDelegate.swift; sourceTree = "<group>"; };
		7D38CDD32AC7751100EB10A0 /* CelsiumAndHoursCollectionViewCell.swift */ = {isa = PBXFileReference; lastKnownFileType = sourcecode.swift; path = CelsiumAndHoursCollectionViewCell.swift; sourceTree = "<group>"; };
		7D38CDD42AC7751100EB10A0 /* CelsiumAndHoursCollectionViewCell.xib */ = {isa = PBXFileReference; lastKnownFileType = file.xib; path = CelsiumAndHoursCollectionViewCell.xib; sourceTree = "<group>"; };
		7D38CDE32AC88C8100EB10A0 /* ForSquareTableViewCollectionViewCell.swift */ = {isa = PBXFileReference; lastKnownFileType = sourcecode.swift; path = ForSquareTableViewCollectionViewCell.swift; sourceTree = "<group>"; };
		7D38CDE42AC88C8100EB10A0 /* ForSquareTableViewCollectionViewCell.xib */ = {isa = PBXFileReference; lastKnownFileType = file.xib; path = ForSquareTableViewCollectionViewCell.xib; sourceTree = "<group>"; };
		7D38CDE82AC88E5A00EB10A0 /* MainCollectionViewModel.swift */ = {isa = PBXFileReference; lastKnownFileType = sourcecode.swift; path = MainCollectionViewModel.swift; sourceTree = "<group>"; };
		7D38CDEF2AC8A69400EB10A0 /* ForHoursAndCelsiumCellsCollectionViewCell.swift */ = {isa = PBXFileReference; lastKnownFileType = sourcecode.swift; path = ForHoursAndCelsiumCellsCollectionViewCell.swift; sourceTree = "<group>"; };
		7D38CDF02AC8A69400EB10A0 /* ForHoursAndCelsiumCellsCollectionViewCell.xib */ = {isa = PBXFileReference; lastKnownFileType = file.xib; path = ForHoursAndCelsiumCellsCollectionViewCell.xib; sourceTree = "<group>"; };
		7DB4CE1C2AC1D079001EBBC9 /* Weather.app */ = {isa = PBXFileReference; explicitFileType = wrapper.application; includeInIndex = 0; path = Weather.app; sourceTree = BUILT_PRODUCTS_DIR; };
		7DB4CE1F2AC1D079001EBBC9 /* AppDelegate.swift */ = {isa = PBXFileReference; lastKnownFileType = sourcecode.swift; path = AppDelegate.swift; sourceTree = "<group>"; };
		7DB4CE212AC1D079001EBBC9 /* SceneDelegate.swift */ = {isa = PBXFileReference; lastKnownFileType = sourcecode.swift; path = SceneDelegate.swift; sourceTree = "<group>"; };
		7DB4CE232AC1D079001EBBC9 /* SplashViewController.swift */ = {isa = PBXFileReference; lastKnownFileType = sourcecode.swift; path = SplashViewController.swift; sourceTree = "<group>"; };
		7DB4CE262AC1D079001EBBC9 /* Base */ = {isa = PBXFileReference; lastKnownFileType = file.storyboard; name = Base; path = Base.lproj/Main.storyboard; sourceTree = "<group>"; };
		7DB4CE282AC1D07A001EBBC9 /* Assets.xcassets */ = {isa = PBXFileReference; lastKnownFileType = folder.assetcatalog; path = Assets.xcassets; sourceTree = "<group>"; };
		7DB4CE2B2AC1D07A001EBBC9 /* Base */ = {isa = PBXFileReference; lastKnownFileType = file.storyboard; name = Base; path = Base.lproj/LaunchScreen.storyboard; sourceTree = "<group>"; };
		7DB4CE2D2AC1D07A001EBBC9 /* Info.plist */ = {isa = PBXFileReference; lastKnownFileType = text.plist.xml; path = Info.plist; sourceTree = "<group>"; };
		7DB4CE332AC1DA16001EBBC9 /* WeatherLocation .swift */ = {isa = PBXFileReference; lastKnownFileType = sourcecode.swift; path = "WeatherLocation .swift"; sourceTree = "<group>"; };
		7DB4CE352AC1DA2A001EBBC9 /* CurrentWeather .swift */ = {isa = PBXFileReference; lastKnownFileType = sourcecode.swift; path = "CurrentWeather .swift"; sourceTree = "<group>"; };
		7DB4CE382AC3130E001EBBC9 /* extensionForBool+Int.swift */ = {isa = PBXFileReference; lastKnownFileType = sourcecode.swift; path = "extensionForBool+Int.swift"; sourceTree = "<group>"; };
/* End PBXFileReference section */

/* Begin PBXFrameworksBuildPhase section */
		7DB4CE192AC1D079001EBBC9 /* Frameworks */ = {
			isa = PBXFrameworksBuildPhase;
			buildActionMask = 2147483647;
			files = (
				7D38CD8E2AC429EE00EB10A0 /* Alamofire in Frameworks */,
				7D38CD962AC4906800EB10A0 /* Lottie in Frameworks */,
			);
			runOnlyForDeploymentPostprocessing = 0;
		};
/* End PBXFrameworksBuildPhase section */

/* Begin PBXGroup section */
		7D38CD932AC438D700EB10A0 /* Services */ = {
			isa = PBXGroup;
			children = (
				7D38CD912AC438D100EB10A0 /* ApiWeather .swift */,
				7D38CDA12AC4AFFC00EB10A0 /* WeatherAPIDelegate.swift */,
			);
			path = Services;
			sourceTree = "<group>";
		};
		7D38CD9D2AC4A94100EB10A0 /* ViewControllers */ = {
			isa = PBXGroup;
			children = (
				7D38CD992AC4951900EB10A0 /* MainViewController.swift */,
				7DB4CE232AC1D079001EBBC9 /* SplashViewController.swift */,
			);
			path = ViewControllers;
			sourceTree = "<group>";
		};
		7D38CD9E2AC4A95400EB10A0 /* Xib of ViewControllers  */ = {
			isa = PBXGroup;
			children = (
				7D38CD9A2AC4951900EB10A0 /* MainViewController.xib */,
			);
			path = "Xib of ViewControllers ";
			sourceTree = "<group>";
		};
		7D38CDA32AC4D0ED00EB10A0 /* Cells */ = {
			isa = PBXGroup;
			children = (
				7D38CDD32AC7751100EB10A0 /* CelsiumAndHoursCollectionViewCell.swift */,
				7D38CDD42AC7751100EB10A0 /* CelsiumAndHoursCollectionViewCell.xib */,
				7D38CDE32AC88C8100EB10A0 /* ForSquareTableViewCollectionViewCell.swift */,
				7D38CDE42AC88C8100EB10A0 /* ForSquareTableViewCollectionViewCell.xib */,
				7D38CDEE2AC8A54700EB10A0 /* Cells for mainViewController  */,
			);
			path = Cells;
			sourceTree = "<group>";
		};
		7D38CDE72AC88E3400EB10A0 /* ModelsForCells  */ = {
			isa = PBXGroup;
			children = (
				7D38CDE82AC88E5A00EB10A0 /* MainCollectionViewModel.swift */,
			);
			path = "ModelsForCells ";
			sourceTree = "<group>";
		};
		7D38CDEE2AC8A54700EB10A0 /* Cells for mainViewController  */ = {
			isa = PBXGroup;
			children = (
				7D38CDEF2AC8A69400EB10A0 /* ForHoursAndCelsiumCellsCollectionViewCell.swift */,
				7D38CDF02AC8A69400EB10A0 /* ForHoursAndCelsiumCellsCollectionViewCell.xib */,
			);
			path = "Cells for mainViewController ";
			sourceTree = "<group>";
		};
		7DB4CE132AC1D078001EBBC9 = {
			isa = PBXGroup;
			children = (
				7DB4CE1E2AC1D079001EBBC9 /* Weather */,
				7DB4CE1D2AC1D079001EBBC9 /* Products */,
			);
			sourceTree = "<group>";
		};
		7DB4CE1D2AC1D079001EBBC9 /* Products */ = {
			isa = PBXGroup;
			children = (
				7DB4CE1C2AC1D079001EBBC9 /* Weather.app */,
			);
			name = Products;
			sourceTree = "<group>";
		};
		7DB4CE1E2AC1D079001EBBC9 /* Weather */ = {
			isa = PBXGroup;
			children = (
				7D38CDE72AC88E3400EB10A0 /* ModelsForCells  */,
				7D38CDA32AC4D0ED00EB10A0 /* Cells */,
				7D38CD9E2AC4A95400EB10A0 /* Xib of ViewControllers  */,
				7D38CD9D2AC4A94100EB10A0 /* ViewControllers */,
				7DB4CE372AC1DA3A001EBBC9 /* Weather Models  */,
				7DB4CE3A2AC3325D001EBBC9 /* Extensions */,
				7D38CD932AC438D700EB10A0 /* Services */,
				7DB4CE3B2AC3327D001EBBC9 /* Resources */,
			);
			path = Weather;
			sourceTree = "<group>";
		};
		7DB4CE372AC1DA3A001EBBC9 /* Weather Models  */ = {
			isa = PBXGroup;
			children = (
				7DB4CE332AC1DA16001EBBC9 /* WeatherLocation .swift */,
				7DB4CE352AC1DA2A001EBBC9 /* CurrentWeather .swift */,
				7D38CD8F2AC42A3300EB10A0 /* RealTimeWeatherRespons.swift */,
			);
			path = "Weather Models ";
			sourceTree = "<group>";
		};
		7DB4CE3A2AC3325D001EBBC9 /* Extensions */ = {
			isa = PBXGroup;
			children = (
				7DB4CE382AC3130E001EBBC9 /* extensionForBool+Int.swift */,
			);
			path = Extensions;
			sourceTree = "<group>";
		};
		7DB4CE3B2AC3327D001EBBC9 /* Resources */ = {
			isa = PBXGroup;
			children = (
				7DB4CE1F2AC1D079001EBBC9 /* AppDelegate.swift */,
				7DB4CE212AC1D079001EBBC9 /* SceneDelegate.swift */,
				7DB4CE282AC1D07A001EBBC9 /* Assets.xcassets */,
				7DB4CE252AC1D079001EBBC9 /* Main.storyboard */,
				7DB4CE2A2AC1D07A001EBBC9 /* LaunchScreen.storyboard */,
				7D38CD972AC494A100EB10A0 /* Weather.json */,
				7DB4CE2D2AC1D07A001EBBC9 /* Info.plist */,
			);
			path = Resources;
			sourceTree = "<group>";
		};
/* End PBXGroup section */

/* Begin PBXNativeTarget section */
		7DB4CE1B2AC1D079001EBBC9 /* Weather */ = {
			isa = PBXNativeTarget;
			buildConfigurationList = 7DB4CE302AC1D07A001EBBC9 /* Build configuration list for PBXNativeTarget "Weather" */;
			buildPhases = (
				7DB4CE182AC1D079001EBBC9 /* Sources */,
				7DB4CE192AC1D079001EBBC9 /* Frameworks */,
				7DB4CE1A2AC1D079001EBBC9 /* Resources */,
			);
			buildRules = (
			);
			dependencies = (
			);
			name = Weather;
			packageProductDependencies = (
				7D38CD8D2AC429EE00EB10A0 /* Alamofire */,
				7D38CD952AC4906800EB10A0 /* Lottie */,
			);
			productName = Weather;
			productReference = 7DB4CE1C2AC1D079001EBBC9 /* Weather.app */;
			productType = "com.apple.product-type.application";
		};
/* End PBXNativeTarget section */

/* Begin PBXProject section */
		7DB4CE142AC1D078001EBBC9 /* Project object */ = {
			isa = PBXProject;
			attributes = {
				BuildIndependentTargetsInParallel = 1;
				LastSwiftUpdateCheck = 1500;
				LastUpgradeCheck = 1500;
				TargetAttributes = {
					7DB4CE1B2AC1D079001EBBC9 = {
						CreatedOnToolsVersion = 15.0;
					};
				};
			};
			buildConfigurationList = 7DB4CE172AC1D078001EBBC9 /* Build configuration list for PBXProject "Weather" */;
			compatibilityVersion = "Xcode 14.0";
			developmentRegion = en;
			hasScannedForEncodings = 0;
			knownRegions = (
				en,
				Base,
			);
			mainGroup = 7DB4CE132AC1D078001EBBC9;
			packageReferences = (
				7D38CD8C2AC429EE00EB10A0 /* XCRemoteSwiftPackageReference "Alamofire" */,
				7D38CD942AC4906800EB10A0 /* XCRemoteSwiftPackageReference "lottie-ios" */,
			);
			productRefGroup = 7DB4CE1D2AC1D079001EBBC9 /* Products */;
			projectDirPath = "";
			projectRoot = "";
			targets = (
				7DB4CE1B2AC1D079001EBBC9 /* Weather */,
			);
		};
/* End PBXProject section */

/* Begin PBXResourcesBuildPhase section */
		7DB4CE1A2AC1D079001EBBC9 /* Resources */ = {
			isa = PBXResourcesBuildPhase;
			buildActionMask = 2147483647;
			files = (
				7D38CDD62AC7751100EB10A0 /* CelsiumAndHoursCollectionViewCell.xib in Resources */,
				7D38CDE62AC88C8100EB10A0 /* ForSquareTableViewCollectionViewCell.xib in Resources */,
				7D38CDF22AC8A69400EB10A0 /* ForHoursAndCelsiumCellsCollectionViewCell.xib in Resources */,
				7D38CD982AC494A100EB10A0 /* Weather.json in Resources */,
				7DB4CE2C2AC1D07A001EBBC9 /* LaunchScreen.storyboard in Resources */,
				7D38CD9C2AC4951900EB10A0 /* MainViewController.xib in Resources */,
				7DB4CE292AC1D07A001EBBC9 /* Assets.xcassets in Resources */,
				7DB4CE272AC1D079001EBBC9 /* Main.storyboard in Resources */,
			);
			runOnlyForDeploymentPostprocessing = 0;
		};
/* End PBXResourcesBuildPhase section */

/* Begin PBXSourcesBuildPhase section */
		7DB4CE182AC1D079001EBBC9 /* Sources */ = {
			isa = PBXSourcesBuildPhase;
			buildActionMask = 2147483647;
			files = (
				7DB4CE242AC1D079001EBBC9 /* SplashViewController.swift in Sources */,
				7D38CDE52AC88C8100EB10A0 /* ForSquareTableViewCollectionViewCell.swift in Sources */,
				7DB4CE392AC3130E001EBBC9 /* extensionForBool+Int.swift in Sources */,
				7D38CDE92AC88E5A00EB10A0 /* MainCollectionViewModel.swift in Sources */,
				7DB4CE202AC1D079001EBBC9 /* AppDelegate.swift in Sources */,
				7D38CD902AC42A3300EB10A0 /* RealTimeWeatherRespons.swift in Sources */,
				7D38CDA22AC4AFFC00EB10A0 /* WeatherAPIDelegate.swift in Sources */,
				7D38CDF12AC8A69400EB10A0 /* ForHoursAndCelsiumCellsCollectionViewCell.swift in Sources */,
				7DB4CE342AC1DA16001EBBC9 /* WeatherLocation .swift in Sources */,
				7D38CDD52AC7751100EB10A0 /* CelsiumAndHoursCollectionViewCell.swift in Sources */,
				7DB4CE222AC1D079001EBBC9 /* SceneDelegate.swift in Sources */,
				7D38CD9B2AC4951900EB10A0 /* MainViewController.swift in Sources */,
				7D38CD922AC438D100EB10A0 /* ApiWeather .swift in Sources */,
				7DB4CE362AC1DA2A001EBBC9 /* CurrentWeather .swift in Sources */,
			);
			runOnlyForDeploymentPostprocessing = 0;
		};
/* End PBXSourcesBuildPhase section */

/* Begin PBXVariantGroup section */
		7DB4CE252AC1D079001EBBC9 /* Main.storyboard */ = {
			isa = PBXVariantGroup;
			children = (
				7DB4CE262AC1D079001EBBC9 /* Base */,
			);
			name = Main.storyboard;
			sourceTree = "<group>";
		};
		7DB4CE2A2AC1D07A001EBBC9 /* LaunchScreen.storyboard */ = {
			isa = PBXVariantGroup;
			children = (
				7DB4CE2B2AC1D07A001EBBC9 /* Base */,
			);
			name = LaunchScreen.storyboard;
			sourceTree = "<group>";
		};
/* End PBXVariantGroup section */

/* Begin XCBuildConfiguration section */
		7DB4CE2E2AC1D07A001EBBC9 /* Debug */ = {
			isa = XCBuildConfiguration;
			buildSettings = {
				ALWAYS_SEARCH_USER_PATHS = NO;
				ASSETCATALOG_COMPILER_GENERATE_SWIFT_ASSET_SYMBOL_EXTENSIONS = YES;
				CLANG_ANALYZER_NONNULL = YES;
				CLANG_ANALYZER_NUMBER_OBJECT_CONVERSION = YES_AGGRESSIVE;
				CLANG_CXX_LANGUAGE_STANDARD = "gnu++20";
				CLANG_ENABLE_MODULES = YES;
				CLANG_ENABLE_OBJC_ARC = YES;
				CLANG_ENABLE_OBJC_WEAK = YES;
				CLANG_WARN_BLOCK_CAPTURE_AUTORELEASING = YES;
				CLANG_WARN_BOOL_CONVERSION = YES;
				CLANG_WARN_COMMA = YES;
				CLANG_WARN_CONSTANT_CONVERSION = YES;
				CLANG_WARN_DEPRECATED_OBJC_IMPLEMENTATIONS = YES;
				CLANG_WARN_DIRECT_OBJC_ISA_USAGE = YES_ERROR;
				CLANG_WARN_DOCUMENTATION_COMMENTS = YES;
				CLANG_WARN_EMPTY_BODY = YES;
				CLANG_WARN_ENUM_CONVERSION = YES;
				CLANG_WARN_INFINITE_RECURSION = YES;
				CLANG_WARN_INT_CONVERSION = YES;
				CLANG_WARN_NON_LITERAL_NULL_CONVERSION = YES;
				CLANG_WARN_OBJC_IMPLICIT_RETAIN_SELF = YES;
				CLANG_WARN_OBJC_LITERAL_CONVERSION = YES;
				CLANG_WARN_OBJC_ROOT_CLASS = YES_ERROR;
				CLANG_WARN_QUOTED_INCLUDE_IN_FRAMEWORK_HEADER = YES;
				CLANG_WARN_RANGE_LOOP_ANALYSIS = YES;
				CLANG_WARN_STRICT_PROTOTYPES = YES;
				CLANG_WARN_SUSPICIOUS_MOVE = YES;
				CLANG_WARN_UNGUARDED_AVAILABILITY = YES_AGGRESSIVE;
				CLANG_WARN_UNREACHABLE_CODE = YES;
				CLANG_WARN__DUPLICATE_METHOD_MATCH = YES;
				COPY_PHASE_STRIP = NO;
				DEBUG_INFORMATION_FORMAT = dwarf;
				ENABLE_STRICT_OBJC_MSGSEND = YES;
				ENABLE_TESTABILITY = YES;
				ENABLE_USER_SCRIPT_SANDBOXING = YES;
				GCC_C_LANGUAGE_STANDARD = gnu17;
				GCC_DYNAMIC_NO_PIC = NO;
				GCC_NO_COMMON_BLOCKS = YES;
				GCC_OPTIMIZATION_LEVEL = 0;
				GCC_PREPROCESSOR_DEFINITIONS = (
					"DEBUG=1",
					"$(inherited)",
				);
				GCC_WARN_64_TO_32_BIT_CONVERSION = YES;
				GCC_WARN_ABOUT_RETURN_TYPE = YES_ERROR;
				GCC_WARN_UNDECLARED_SELECTOR = YES;
				GCC_WARN_UNINITIALIZED_AUTOS = YES_AGGRESSIVE;
				GCC_WARN_UNUSED_FUNCTION = YES;
				GCC_WARN_UNUSED_VARIABLE = YES;
				IPHONEOS_DEPLOYMENT_TARGET = 17.0;
				LOCALIZATION_PREFERS_STRING_CATALOGS = YES;
				MTL_ENABLE_DEBUG_INFO = INCLUDE_SOURCE;
				MTL_FAST_MATH = YES;
				ONLY_ACTIVE_ARCH = YES;
				SDKROOT = iphoneos;
				SWIFT_ACTIVE_COMPILATION_CONDITIONS = "DEBUG $(inherited)";
				SWIFT_OPTIMIZATION_LEVEL = "-Onone";
			};
			name = Debug;
		};
		7DB4CE2F2AC1D07A001EBBC9 /* Release */ = {
			isa = XCBuildConfiguration;
			buildSettings = {
				ALWAYS_SEARCH_USER_PATHS = NO;
				ASSETCATALOG_COMPILER_GENERATE_SWIFT_ASSET_SYMBOL_EXTENSIONS = YES;
				CLANG_ANALYZER_NONNULL = YES;
				CLANG_ANALYZER_NUMBER_OBJECT_CONVERSION = YES_AGGRESSIVE;
				CLANG_CXX_LANGUAGE_STANDARD = "gnu++20";
				CLANG_ENABLE_MODULES = YES;
				CLANG_ENABLE_OBJC_ARC = YES;
				CLANG_ENABLE_OBJC_WEAK = YES;
				CLANG_WARN_BLOCK_CAPTURE_AUTORELEASING = YES;
				CLANG_WARN_BOOL_CONVERSION = YES;
				CLANG_WARN_COMMA = YES;
				CLANG_WARN_CONSTANT_CONVERSION = YES;
				CLANG_WARN_DEPRECATED_OBJC_IMPLEMENTATIONS = YES;
				CLANG_WARN_DIRECT_OBJC_ISA_USAGE = YES_ERROR;
				CLANG_WARN_DOCUMENTATION_COMMENTS = YES;
				CLANG_WARN_EMPTY_BODY = YES;
				CLANG_WARN_ENUM_CONVERSION = YES;
				CLANG_WARN_INFINITE_RECURSION = YES;
				CLANG_WARN_INT_CONVERSION = YES;
				CLANG_WARN_NON_LITERAL_NULL_CONVERSION = YES;
				CLANG_WARN_OBJC_IMPLICIT_RETAIN_SELF = YES;
				CLANG_WARN_OBJC_LITERAL_CONVERSION = YES;
				CLANG_WARN_OBJC_ROOT_CLASS = YES_ERROR;
				CLANG_WARN_QUOTED_INCLUDE_IN_FRAMEWORK_HEADER = YES;
				CLANG_WARN_RANGE_LOOP_ANALYSIS = YES;
				CLANG_WARN_STRICT_PROTOTYPES = YES;
				CLANG_WARN_SUSPICIOUS_MOVE = YES;
				CLANG_WARN_UNGUARDED_AVAILABILITY = YES_AGGRESSIVE;
				CLANG_WARN_UNREACHABLE_CODE = YES;
				CLANG_WARN__DUPLICATE_METHOD_MATCH = YES;
				COPY_PHASE_STRIP = NO;
				DEBUG_INFORMATION_FORMAT = "dwarf-with-dsym";
				ENABLE_NS_ASSERTIONS = NO;
				ENABLE_STRICT_OBJC_MSGSEND = YES;
				ENABLE_USER_SCRIPT_SANDBOXING = YES;
				GCC_C_LANGUAGE_STANDARD = gnu17;
				GCC_NO_COMMON_BLOCKS = YES;
				GCC_WARN_64_TO_32_BIT_CONVERSION = YES;
				GCC_WARN_ABOUT_RETURN_TYPE = YES_ERROR;
				GCC_WARN_UNDECLARED_SELECTOR = YES;
				GCC_WARN_UNINITIALIZED_AUTOS = YES_AGGRESSIVE;
				GCC_WARN_UNUSED_FUNCTION = YES;
				GCC_WARN_UNUSED_VARIABLE = YES;
				IPHONEOS_DEPLOYMENT_TARGET = 17.0;
				LOCALIZATION_PREFERS_STRING_CATALOGS = YES;
				MTL_ENABLE_DEBUG_INFO = NO;
				MTL_FAST_MATH = YES;
				SDKROOT = iphoneos;
				SWIFT_COMPILATION_MODE = wholemodule;
				VALIDATE_PRODUCT = YES;
			};
			name = Release;
		};
		7DB4CE312AC1D07A001EBBC9 /* Debug */ = {
			isa = XCBuildConfiguration;
			buildSettings = {
				ASSETCATALOG_COMPILER_APPICON_NAME = AppIcon;
				ASSETCATALOG_COMPILER_GLOBAL_ACCENT_COLOR_NAME = AccentColor;
				CODE_SIGN_STYLE = Automatic;
				CURRENT_PROJECT_VERSION = 1;
				DEVELOPMENT_TEAM = U35946W2F2;
				GENERATE_INFOPLIST_FILE = YES;
				INFOPLIST_FILE = Weather/Resources/Info.plist;
				INFOPLIST_KEY_UIApplicationSupportsIndirectInputEvents = YES;
				INFOPLIST_KEY_UILaunchStoryboardName = LaunchScreen;
				INFOPLIST_KEY_UIMainStoryboardFile = Main;
				INFOPLIST_KEY_UISupportedInterfaceOrientations_iPad = "UIInterfaceOrientationPortrait UIInterfaceOrientationPortraitUpsideDown UIInterfaceOrientationLandscapeLeft UIInterfaceOrientationLandscapeRight";
				INFOPLIST_KEY_UISupportedInterfaceOrientations_iPhone = "UIInterfaceOrientationPortrait UIInterfaceOrientationLandscapeLeft UIInterfaceOrientationLandscapeRight";
				IPHONEOS_DEPLOYMENT_TARGET = 16.0;
				LD_RUNPATH_SEARCH_PATHS = (
					"$(inherited)",
					"@executable_path/Frameworks",
				);
				MARKETING_VERSION = 1.0;
				PRODUCT_BUNDLE_IDENTIFIER = seeYouLaterAligator.Weather;
				PRODUCT_NAME = "$(TARGET_NAME)";
				SWIFT_EMIT_LOC_STRINGS = YES;
				SWIFT_VERSION = 5.0;
				TARGETED_DEVICE_FAMILY = "1,2";
			};
			name = Debug;
		};
		7DB4CE322AC1D07A001EBBC9 /* Release */ = {
			isa = XCBuildConfiguration;
			buildSettings = {
				ASSETCATALOG_COMPILER_APPICON_NAME = AppIcon;
				ASSETCATALOG_COMPILER_GLOBAL_ACCENT_COLOR_NAME = AccentColor;
				CODE_SIGN_STYLE = Automatic;
				CURRENT_PROJECT_VERSION = 1;
				DEVELOPMENT_TEAM = U35946W2F2;
				GENERATE_INFOPLIST_FILE = YES;
				INFOPLIST_FILE = Weather/Resources/Info.plist;
				INFOPLIST_KEY_UIApplicationSupportsIndirectInputEvents = YES;
				INFOPLIST_KEY_UILaunchStoryboardName = LaunchScreen;
				INFOPLIST_KEY_UIMainStoryboardFile = Main;
				INFOPLIST_KEY_UISupportedInterfaceOrientations_iPad = "UIInterfaceOrientationPortrait UIInterfaceOrientationPortraitUpsideDown UIInterfaceOrientationLandscapeLeft UIInterfaceOrientationLandscapeRight";
				INFOPLIST_KEY_UISupportedInterfaceOrientations_iPhone = "UIInterfaceOrientationPortrait UIInterfaceOrientationLandscapeLeft UIInterfaceOrientationLandscapeRight";
				IPHONEOS_DEPLOYMENT_TARGET = 16.0;
				LD_RUNPATH_SEARCH_PATHS = (
					"$(inherited)",
					"@executable_path/Frameworks",
				);
				MARKETING_VERSION = 1.0;
				PRODUCT_BUNDLE_IDENTIFIER = seeYouLaterAligator.Weather;
				PRODUCT_NAME = "$(TARGET_NAME)";
				SWIFT_EMIT_LOC_STRINGS = YES;
				SWIFT_VERSION = 5.0;
				TARGETED_DEVICE_FAMILY = "1,2";
			};
			name = Release;
		};
/* End XCBuildConfiguration section */

/* Begin XCConfigurationList section */
		7DB4CE172AC1D078001EBBC9 /* Build configuration list for PBXProject "Weather" */ = {
			isa = XCConfigurationList;
			buildConfigurations = (
				7DB4CE2E2AC1D07A001EBBC9 /* Debug */,
				7DB4CE2F2AC1D07A001EBBC9 /* Release */,
			);
			defaultConfigurationIsVisible = 0;
			defaultConfigurationName = Release;
		};
		7DB4CE302AC1D07A001EBBC9 /* Build configuration list for PBXNativeTarget "Weather" */ = {
			isa = XCConfigurationList;
			buildConfigurations = (
				7DB4CE312AC1D07A001EBBC9 /* Debug */,
				7DB4CE322AC1D07A001EBBC9 /* Release */,
			);
			defaultConfigurationIsVisible = 0;
			defaultConfigurationName = Release;
		};
/* End XCConfigurationList section */

/* Begin XCRemoteSwiftPackageReference section */
		7D38CD8C2AC429EE00EB10A0 /* XCRemoteSwiftPackageReference "Alamofire" */ = {
			isa = XCRemoteSwiftPackageReference;
			repositoryURL = "https://github.com/Alamofire/Alamofire.git";
			requirement = {
				kind = upToNextMajorVersion;
				minimumVersion = 5.8.0;
			};
		};
		7D38CD942AC4906800EB10A0 /* XCRemoteSwiftPackageReference "lottie-ios" */ = {
			isa = XCRemoteSwiftPackageReference;
			repositoryURL = "https://github.com/airbnb/lottie-ios.git";
			requirement = {
				kind = upToNextMajorVersion;
				minimumVersion = 4.3.2;
			};
		};
/* End XCRemoteSwiftPackageReference section */

/* Begin XCSwiftPackageProductDependency section */
		7D38CD8D2AC429EE00EB10A0 /* Alamofire */ = {
			isa = XCSwiftPackageProductDependency;
			package = 7D38CD8C2AC429EE00EB10A0 /* XCRemoteSwiftPackageReference "Alamofire" */;
			productName = Alamofire;
		};
		7D38CD952AC4906800EB10A0 /* Lottie */ = {
			isa = XCSwiftPackageProductDependency;
			package = 7D38CD942AC4906800EB10A0 /* XCRemoteSwiftPackageReference "lottie-ios" */;
			productName = Lottie;
		};
/* End XCSwiftPackageProductDependency section */
	};
	rootObject = 7DB4CE142AC1D078001EBBC9 /* Project object */;
}
